
Microsoft Visual Studio Solution File, Format Version 12.00
# Visual Studio Version 17
VisualStudioVersion = 17.14.36616.10 d17.14
MinimumVisualStudioVersion = 10.0.40219.1
Project("{FAE04EC0-301F-11D3-BF4B-00C04F79EFBC}") = "Assignment1(4thnov)", "Assignment1(4thnov)\Assignment1(4thnov).csproj", "{6DADBE9D-E5FF-493C-BAE9-B5524920B87A}"
EndProject
Global
	GlobalSection(SolutionConfigurationPlatforms) = preSolution
		Debug|Any CPU = Debug|Any CPU
		Release|Any CPU = Release|Any CPU
	EndGlobalSection
	GlobalSection(ProjectConfigurationPlatforms) = postSolution
		{6DADBE9D-E5FF-493C-BAE9-B5524920B87A}.Debug|Any CPU.ActiveCfg = Debug|Any CPU
		{6DADBE9D-E5FF-493C-BAE9-B5524920B87A}.Debug|Any CPU.Build.0 = Debug|Any CPU
		{6DADBE9D-E5FF-493C-BAE9-B5524920B87A}.Release|Any CPU.ActiveCfg = Release|Any CPU
		{6DADBE9D-E5FF-493C-BAE9-B5524920B87A}.Release|Any CPU.Build.0 = Release|Any CPU
	EndGlobalSection
	GlobalSection(SolutionProperties) = preSolution
		HideSolutionNode = FALSE
	EndGlobalSection
	GlobalSection(ExtensibilityGlobals) = postSolution
		SolutionGuid = {1825B9E1-293E-46F6-A4CB-0DE98F993607}
	EndGlobalSection
EndGlobal
