
Microsoft Visual Studio Solution File, Format Version 12.00
# Visual Studio Version 17
VisualStudioVersion = 17.14.36616.10 d17.14
MinimumVisualStudioVersion = 10.0.40219.1
Project("{FAE04EC0-301F-11D3-BF4B-00C04F79EFBC}") = "class and manyobjects", "class and manyobjects\class and manyobjects.csproj", "{E410AF80-D9A8-4E71-86FD-255750CCEF07}"
EndProject
Global
	GlobalSection(SolutionConfigurationPlatforms) = preSolution
		Debug|Any CPU = Debug|Any CPU
		Release|Any CPU = Release|Any CPU
	EndGlobalSection
	GlobalSection(ProjectConfigurationPlatforms) = postSolution
		{E410AF80-D9A8-4E71-86FD-255750CCEF07}.Debug|Any CPU.ActiveCfg = Debug|Any CPU
		{E410AF80-D9A8-4E71-86FD-255750CCEF07}.Debug|Any CPU.Build.0 = Debug|Any CPU
		{E410AF80-D9A8-4E71-86FD-255750CCEF07}.Release|Any CPU.ActiveCfg = Release|Any CPU
		{E410AF80-D9A8-4E71-86FD-255750CCEF07}.Release|Any CPU.Build.0 = Release|Any CPU
	EndGlobalSection
	GlobalSection(SolutionProperties) = preSolution
		HideSolutionNode = FALSE
	EndGlobalSection
	GlobalSection(ExtensibilityGlobals) = postSolution
		SolutionGuid = {A9188406-245B-454D-A051-B11A40539A06}
	EndGlobalSection
EndGlobal
