
Microsoft Visual Studio Solution File, Format Version 12.00
# Visual Studio Version 17
VisualStudioVersion = 17.14.36616.10 d17.14
MinimumVisualStudioVersion = 10.0.40219.1
Project("{FAE04EC0-301F-11D3-BF4B-00C04F79EFBC}") = "Partial_view_Prj", "Partial_view_Prj\Partial_view_Prj.csproj", "{DBDF5086-C941-4DC3-A9A6-600CD7BD9519}"
EndProject
Global
	GlobalSection(SolutionConfigurationPlatforms) = preSolution
		Debug|Any CPU = Debug|Any CPU
		Release|Any CPU = Release|Any CPU
	EndGlobalSection
	GlobalSection(ProjectConfigurationPlatforms) = postSolution
		{DBDF5086-C941-4DC3-A9A6-600CD7BD9519}.Debug|Any CPU.ActiveCfg = Debug|Any CPU
		{DBDF5086-C941-4DC3-A9A6-600CD7BD9519}.Debug|Any CPU.Build.0 = Debug|Any CPU
		{DBDF5086-C941-4DC3-A9A6-600CD7BD9519}.Release|Any CPU.ActiveCfg = Release|Any CPU
		{DBDF5086-C941-4DC3-A9A6-600CD7BD9519}.Release|Any CPU.Build.0 = Release|Any CPU
	EndGlobalSection
	GlobalSection(SolutionProperties) = preSolution
		HideSolutionNode = FALSE
	EndGlobalSection
	GlobalSection(ExtensibilityGlobals) = postSolution
		SolutionGuid = {D040BF12-6434-482B-A50D-D27CB633AA38}
	EndGlobalSection
EndGlobal
