
Microsoft Visual Studio Solution File, Format Version 12.00
# Visual Studio Version 17
VisualStudioVersion = 17.14.36616.10 d17.14
MinimumVisualStudioVersion = 10.0.40219.1
Project("{FAE04EC0-301F-11D3-BF4B-00C04F79EFBC}") = "LinqdDemo", "LinqdDemo\LinqdDemo.csproj", "{0B07E25B-E733-4DF5-92E5-CC33F8873489}"
EndProject
Global
	GlobalSection(SolutionConfigurationPlatforms) = preSolution
		Debug|Any CPU = Debug|Any CPU
		Release|Any CPU = Release|Any CPU
	EndGlobalSection
	GlobalSection(ProjectConfigurationPlatforms) = postSolution
		{0B07E25B-E733-4DF5-92E5-CC33F8873489}.Debug|Any CPU.ActiveCfg = Debug|Any CPU
		{0B07E25B-E733-4DF5-92E5-CC33F8873489}.Debug|Any CPU.Build.0 = Debug|Any CPU
		{0B07E25B-E733-4DF5-92E5-CC33F8873489}.Release|Any CPU.ActiveCfg = Release|Any CPU
		{0B07E25B-E733-4DF5-92E5-CC33F8873489}.Release|Any CPU.Build.0 = Release|Any CPU
	EndGlobalSection
	GlobalSection(SolutionProperties) = preSolution
		HideSolutionNode = FALSE
	EndGlobalSection
	GlobalSection(ExtensibilityGlobals) = postSolution
		SolutionGuid = {B1E7811F-59F6-45D6-83E4-898328D0A3B2}
	EndGlobalSection
EndGlobal
