
Microsoft Visual Studio Solution File, Format Version 12.00
# Visual Studio Version 17
VisualStudioVersion = 17.14.36616.10 d17.14
MinimumVisualStudioVersion = 10.0.40219.1
Project("{FAE04EC0-301F-11D3-BF4B-00C04F79EFBC}") = "Week8_CodingTest_Part2", "Week8_CodingTest_Part2\Week8_CodingTest_Part2.csproj", "{9CFBFBA5-8267-43AD-82EC-7EF93A83873A}"
EndProject
Global
	GlobalSection(SolutionConfigurationPlatforms) = preSolution
		Debug|Any CPU = Debug|Any CPU
		Release|Any CPU = Release|Any CPU
	EndGlobalSection
	GlobalSection(ProjectConfigurationPlatforms) = postSolution
		{9CFBFBA5-8267-43AD-82EC-7EF93A83873A}.Debug|Any CPU.ActiveCfg = Debug|Any CPU
		{9CFBFBA5-8267-43AD-82EC-7EF93A83873A}.Debug|Any CPU.Build.0 = Debug|Any CPU
		{9CFBFBA5-8267-43AD-82EC-7EF93A83873A}.Release|Any CPU.ActiveCfg = Release|Any CPU
		{9CFBFBA5-8267-43AD-82EC-7EF93A83873A}.Release|Any CPU.Build.0 = Release|Any CPU
	EndGlobalSection
	GlobalSection(SolutionProperties) = preSolution
		HideSolutionNode = FALSE
	EndGlobalSection
	GlobalSection(ExtensibilityGlobals) = postSolution
		SolutionGuid = {7EB643DE-7CEC-4587-B5D4-886CDD325480}
	EndGlobalSection
EndGlobal
