
Microsoft Visual Studio Solution File, Format Version 12.00
# Visual Studio Version 17
VisualStudioVersion = 17.14.36616.10 d17.14
MinimumVisualStudioVersion = 10.0.40219.1
Project("{FAE04EC0-301F-11D3-BF4B-00C04F79EFBC}") = "EfCodeFirst", "EfCodeFirst\EfCodeFirst.csproj", "{0D392AA6-0C1A-4E4C-B382-8E7D9E6A9ED2}"
EndProject
Global
	GlobalSection(SolutionConfigurationPlatforms) = preSolution
		Debug|Any CPU = Debug|Any CPU
		Release|Any CPU = Release|Any CPU
	EndGlobalSection
	GlobalSection(ProjectConfigurationPlatforms) = postSolution
		{0D392AA6-0C1A-4E4C-B382-8E7D9E6A9ED2}.Debug|Any CPU.ActiveCfg = Debug|Any CPU
		{0D392AA6-0C1A-4E4C-B382-8E7D9E6A9ED2}.Debug|Any CPU.Build.0 = Debug|Any CPU
		{0D392AA6-0C1A-4E4C-B382-8E7D9E6A9ED2}.Release|Any CPU.ActiveCfg = Release|Any CPU
		{0D392AA6-0C1A-4E4C-B382-8E7D9E6A9ED2}.Release|Any CPU.Build.0 = Release|Any CPU
	EndGlobalSection
	GlobalSection(SolutionProperties) = preSolution
		HideSolutionNode = FALSE
	EndGlobalSection
	GlobalSection(ExtensibilityGlobals) = postSolution
		SolutionGuid = {A5AA1198-1AB5-40D2-B1BF-120F57401333}
	EndGlobalSection
EndGlobal
