
Microsoft Visual Studio Solution File, Format Version 12.00
# Visual Studio Version 17
VisualStudioVersion = 17.14.36616.10 d17.14
MinimumVisualStudioVersion = 10.0.40219.1
Project("{FAE04EC0-301F-11D3-BF4B-00C04F79EFBC}") = "assignment2(5th nov)", "assignment2(5th nov)\assignment2(5th nov).csproj", "{950A2627-A4D5-44C7-A735-B0ABD01CFFB2}"
EndProject
Global
	GlobalSection(SolutionConfigurationPlatforms) = preSolution
		Debug|Any CPU = Debug|Any CPU
		Release|Any CPU = Release|Any CPU
	EndGlobalSection
	GlobalSection(ProjectConfigurationPlatforms) = postSolution
		{950A2627-A4D5-44C7-A735-B0ABD01CFFB2}.Debug|Any CPU.ActiveCfg = Debug|Any CPU
		{950A2627-A4D5-44C7-A735-B0ABD01CFFB2}.Debug|Any CPU.Build.0 = Debug|Any CPU
		{950A2627-A4D5-44C7-A735-B0ABD01CFFB2}.Release|Any CPU.ActiveCfg = Release|Any CPU
		{950A2627-A4D5-44C7-A735-B0ABD01CFFB2}.Release|Any CPU.Build.0 = Release|Any CPU
	EndGlobalSection
	GlobalSection(SolutionProperties) = preSolution
		HideSolutionNode = FALSE
	EndGlobalSection
	GlobalSection(ExtensibilityGlobals) = postSolution
		SolutionGuid = {F1356F77-6F62-475A-91D8-A1481D7115AC}
	EndGlobalSection
EndGlobal
