
Microsoft Visual Studio Solution File, Format Version 12.00
# Visual Studio Version 17
VisualStudioVersion = 17.14.36616.10 d17.14
MinimumVisualStudioVersion = 10.0.40219.1
Project("{FAE04EC0-301F-11D3-BF4B-00C04F79EFBC}") = "WebApplication1", "WebApplication1\WebApplication1.csproj", "{46D497E3-FA6A-459F-9B8B-083EE8ED568C}"
EndProject
Global
	GlobalSection(SolutionConfigurationPlatforms) = preSolution
		Debug|Any CPU = Debug|Any CPU
		Release|Any CPU = Release|Any CPU
	EndGlobalSection
	GlobalSection(ProjectConfigurationPlatforms) = postSolution
		{46D497E3-FA6A-459F-9B8B-083EE8ED568C}.Debug|Any CPU.ActiveCfg = Debug|Any CPU
		{46D497E3-FA6A-459F-9B8B-083EE8ED568C}.Debug|Any CPU.Build.0 = Debug|Any CPU
		{46D497E3-FA6A-459F-9B8B-083EE8ED568C}.Release|Any CPU.ActiveCfg = Release|Any CPU
		{46D497E3-FA6A-459F-9B8B-083EE8ED568C}.Release|Any CPU.Build.0 = Release|Any CPU
	EndGlobalSection
	GlobalSection(SolutionProperties) = preSolution
		HideSolutionNode = FALSE
	EndGlobalSection
	GlobalSection(ExtensibilityGlobals) = postSolution
		SolutionGuid = {38AD857D-CF9C-43F4-834D-D6D98B62BE1C}
	EndGlobalSection
EndGlobal
