
Microsoft Visual Studio Solution File, Format Version 12.00
# Visual Studio Version 17
VisualStudioVersion = 17.14.36616.10 d17.14
MinimumVisualStudioVersion = 10.0.40219.1
Project("{FAE04EC0-301F-11D3-BF4B-00C04F79EFBC}") = "Day1Assignment(17thnov)", "Day1Assignment(17thnov)\Day1Assignment(17thnov).csproj", "{4452075B-AB51-4B99-A711-B5B1619369D1}"
EndProject
Global
	GlobalSection(SolutionConfigurationPlatforms) = preSolution
		Debug|Any CPU = Debug|Any CPU
		Release|Any CPU = Release|Any CPU
	EndGlobalSection
	GlobalSection(ProjectConfigurationPlatforms) = postSolution
		{4452075B-AB51-4B99-A711-B5B1619369D1}.Debug|Any CPU.ActiveCfg = Debug|Any CPU
		{4452075B-AB51-4B99-A711-B5B1619369D1}.Debug|Any CPU.Build.0 = Debug|Any CPU
		{4452075B-AB51-4B99-A711-B5B1619369D1}.Release|Any CPU.ActiveCfg = Release|Any CPU
		{4452075B-AB51-4B99-A711-B5B1619369D1}.Release|Any CPU.Build.0 = Release|Any CPU
	EndGlobalSection
	GlobalSection(SolutionProperties) = preSolution
		HideSolutionNode = FALSE
	EndGlobalSection
	GlobalSection(ExtensibilityGlobals) = postSolution
		SolutionGuid = {3C51A1E0-C7CA-4CC1-924F-098238319B88}
	EndGlobalSection
EndGlobal
