
Microsoft Visual Studio Solution File, Format Version 12.00
# Visual Studio Version 17
VisualStudioVersion = 17.14.36616.10 d17.14
MinimumVisualStudioVersion = 10.0.40219.1
Project("{FAE04EC0-301F-11D3-BF4B-00C04F79EFBC}") = "assignmentQ7", "assignmentQ7\assignmentQ7.csproj", "{B21ECA81-D3B1-44AD-BCAF-08F7CE24385B}"
EndProject
Global
	GlobalSection(SolutionConfigurationPlatforms) = preSolution
		Debug|Any CPU = Debug|Any CPU
		Release|Any CPU = Release|Any CPU
	EndGlobalSection
	GlobalSection(ProjectConfigurationPlatforms) = postSolution
		{B21ECA81-D3B1-44AD-BCAF-08F7CE24385B}.Debug|Any CPU.ActiveCfg = Debug|Any CPU
		{B21ECA81-D3B1-44AD-BCAF-08F7CE24385B}.Debug|Any CPU.Build.0 = Debug|Any CPU
		{B21ECA81-D3B1-44AD-BCAF-08F7CE24385B}.Release|Any CPU.ActiveCfg = Release|Any CPU
		{B21ECA81-D3B1-44AD-BCAF-08F7CE24385B}.Release|Any CPU.Build.0 = Release|Any CPU
	EndGlobalSection
	GlobalSection(SolutionProperties) = preSolution
		HideSolutionNode = FALSE
	EndGlobalSection
	GlobalSection(ExtensibilityGlobals) = postSolution
		SolutionGuid = {54F07CAD-33EF-4907-B787-8F6CFADA9A7A}
	EndGlobalSection
EndGlobal
