
Microsoft Visual Studio Solution File, Format Version 12.00
# Visual Studio Version 17
VisualStudioVersion = 17.14.36616.10 d17.14
MinimumVisualStudioVersion = 10.0.40219.1
Project("{FAE04EC0-301F-11D3-BF4B-00C04F79EFBC}") = "Assignment1(25thNov)", "Assignment1(25thNov)\Assignment1(25thNov).csproj", "{FEBD6B6A-DB8F-434F-B0F2-DCEF5049550D}"
EndProject
Global
	GlobalSection(SolutionConfigurationPlatforms) = preSolution
		Debug|Any CPU = Debug|Any CPU
		Release|Any CPU = Release|Any CPU
	EndGlobalSection
	GlobalSection(ProjectConfigurationPlatforms) = postSolution
		{FEBD6B6A-DB8F-434F-B0F2-DCEF5049550D}.Debug|Any CPU.ActiveCfg = Debug|Any CPU
		{FEBD6B6A-DB8F-434F-B0F2-DCEF5049550D}.Debug|Any CPU.Build.0 = Debug|Any CPU
		{FEBD6B6A-DB8F-434F-B0F2-DCEF5049550D}.Release|Any CPU.ActiveCfg = Release|Any CPU
		{FEBD6B6A-DB8F-434F-B0F2-DCEF5049550D}.Release|Any CPU.Build.0 = Release|Any CPU
	EndGlobalSection
	GlobalSection(SolutionProperties) = preSolution
		HideSolutionNode = FALSE
	EndGlobalSection
	GlobalSection(ExtensibilityGlobals) = postSolution
		SolutionGuid = {54E156CE-D083-4E6E-BDE6-A4F5B007EF5D}
	EndGlobalSection
EndGlobal
