
Microsoft Visual Studio Solution File, Format Version 12.00
# Visual Studio Version 17
VisualStudioVersion = 17.14.36616.10 d17.14
MinimumVisualStudioVersion = 10.0.40219.1
Project("{FAE04EC0-301F-11D3-BF4B-00C04F79EFBC}") = "assignment1(5th nov)", "assignment1(5th nov)\assignment1(5th nov).csproj", "{502C7427-3DCB-4C68-877D-E04BA82165ED}"
EndProject
Global
	GlobalSection(SolutionConfigurationPlatforms) = preSolution
		Debug|Any CPU = Debug|Any CPU
		Release|Any CPU = Release|Any CPU
	EndGlobalSection
	GlobalSection(ProjectConfigurationPlatforms) = postSolution
		{502C7427-3DCB-4C68-877D-E04BA82165ED}.Debug|Any CPU.ActiveCfg = Debug|Any CPU
		{502C7427-3DCB-4C68-877D-E04BA82165ED}.Debug|Any CPU.Build.0 = Debug|Any CPU
		{502C7427-3DCB-4C68-877D-E04BA82165ED}.Release|Any CPU.ActiveCfg = Release|Any CPU
		{502C7427-3DCB-4C68-877D-E04BA82165ED}.Release|Any CPU.Build.0 = Release|Any CPU
	EndGlobalSection
	GlobalSection(SolutionProperties) = preSolution
		HideSolutionNode = FALSE
	EndGlobalSection
	GlobalSection(ExtensibilityGlobals) = postSolution
		SolutionGuid = {742A9211-DD30-41E2-8F4F-B280B79DB5F2}
	EndGlobalSection
EndGlobal
