
Microsoft Visual Studio Solution File, Format Version 12.00
# Visual Studio Version 17
VisualStudioVersion = 17.14.36616.10 d17.14
MinimumVisualStudioVersion = 10.0.40219.1
Project("{FAE04EC0-301F-11D3-BF4B-00C04F79EFBC}") = "DipDemo", "DipDemo\DipDemo.csproj", "{1BA340F1-2F2F-4175-8D64-52F3403F0A49}"
EndProject
Global
	GlobalSection(SolutionConfigurationPlatforms) = preSolution
		Debug|Any CPU = Debug|Any CPU
		Release|Any CPU = Release|Any CPU
	EndGlobalSection
	GlobalSection(ProjectConfigurationPlatforms) = postSolution
		{1BA340F1-2F2F-4175-8D64-52F3403F0A49}.Debug|Any CPU.ActiveCfg = Debug|Any CPU
		{1BA340F1-2F2F-4175-8D64-52F3403F0A49}.Debug|Any CPU.Build.0 = Debug|Any CPU
		{1BA340F1-2F2F-4175-8D64-52F3403F0A49}.Release|Any CPU.ActiveCfg = Release|Any CPU
		{1BA340F1-2F2F-4175-8D64-52F3403F0A49}.Release|Any CPU.Build.0 = Release|Any CPU
	EndGlobalSection
	GlobalSection(SolutionProperties) = preSolution
		HideSolutionNode = FALSE
	EndGlobalSection
	GlobalSection(ExtensibilityGlobals) = postSolution
		SolutionGuid = {9A612AF3-EF07-4A92-8FBF-BE51699436B9}
	EndGlobalSection
EndGlobal
