
Microsoft Visual Studio Solution File, Format Version 12.00
# Visual Studio Version 17
VisualStudioVersion = 17.14.36616.10 d17.14
MinimumVisualStudioVersion = 10.0.40219.1
Project("{FAE04EC0-301F-11D3-BF4B-00C04F79EFBC}") = "MVC_CodeFirst", "MVC_CodeFirst\MVC_CodeFirst.csproj", "{B4844BE4-3B4A-4C9F-9540-B41934C8AD42}"
EndProject
Global
	GlobalSection(SolutionConfigurationPlatforms) = preSolution
		Debug|Any CPU = Debug|Any CPU
		Release|Any CPU = Release|Any CPU
	EndGlobalSection
	GlobalSection(ProjectConfigurationPlatforms) = postSolution
		{B4844BE4-3B4A-4C9F-9540-B41934C8AD42}.Debug|Any CPU.ActiveCfg = Debug|Any CPU
		{B4844BE4-3B4A-4C9F-9540-B41934C8AD42}.Debug|Any CPU.Build.0 = Debug|Any CPU
		{B4844BE4-3B4A-4C9F-9540-B41934C8AD42}.Release|Any CPU.ActiveCfg = Release|Any CPU
		{B4844BE4-3B4A-4C9F-9540-B41934C8AD42}.Release|Any CPU.Build.0 = Release|Any CPU
	EndGlobalSection
	GlobalSection(SolutionProperties) = preSolution
		HideSolutionNode = FALSE
	EndGlobalSection
	GlobalSection(ExtensibilityGlobals) = postSolution
		SolutionGuid = {030AC1B5-E7C5-4A8B-AB5B-71E287794B00}
	EndGlobalSection
EndGlobal
