
Microsoft Visual Studio Solution File, Format Version 12.00
# Visual Studio Version 17
VisualStudioVersion = 17.14.36616.10 d17.14
MinimumVisualStudioVersion = 10.0.40219.1
Project("{FAE04EC0-301F-11D3-BF4B-00C04F79EFBC}") = "Day2Assignment1(18thnov)", "Day2Assignment1(18thnov)\Day2Assignment1(18thnov).csproj", "{70EA0CE8-7F4D-4C68-B9E1-2FB362CE472B}"
EndProject
Global
	GlobalSection(SolutionConfigurationPlatforms) = preSolution
		Debug|Any CPU = Debug|Any CPU
		Release|Any CPU = Release|Any CPU
	EndGlobalSection
	GlobalSection(ProjectConfigurationPlatforms) = postSolution
		{70EA0CE8-7F4D-4C68-B9E1-2FB362CE472B}.Debug|Any CPU.ActiveCfg = Debug|Any CPU
		{70EA0CE8-7F4D-4C68-B9E1-2FB362CE472B}.Debug|Any CPU.Build.0 = Debug|Any CPU
		{70EA0CE8-7F4D-4C68-B9E1-2FB362CE472B}.Release|Any CPU.ActiveCfg = Release|Any CPU
		{70EA0CE8-7F4D-4C68-B9E1-2FB362CE472B}.Release|Any CPU.Build.0 = Release|Any CPU
	EndGlobalSection
	GlobalSection(SolutionProperties) = preSolution
		HideSolutionNode = FALSE
	EndGlobalSection
	GlobalSection(ExtensibilityGlobals) = postSolution
		SolutionGuid = {617A4B21-6673-438B-B9AB-94936A109A84}
	EndGlobalSection
EndGlobal
