
Microsoft Visual Studio Solution File, Format Version 12.00
# Visual Studio Version 17
VisualStudioVersion = 17.14.36616.10 d17.14
MinimumVisualStudioVersion = 10.0.40219.1
Project("{FAE04EC0-301F-11D3-BF4B-00C04F79EFBC}") = "Assignment4(21stnov)", "Assignment4(21stnov)\Assignment4(21stnov).csproj", "{DE6F460E-B1B8-4F28-B029-5CA52C3331C3}"
EndProject
Global
	GlobalSection(SolutionConfigurationPlatforms) = preSolution
		Debug|Any CPU = Debug|Any CPU
		Release|Any CPU = Release|Any CPU
	EndGlobalSection
	GlobalSection(ProjectConfigurationPlatforms) = postSolution
		{DE6F460E-B1B8-4F28-B029-5CA52C3331C3}.Debug|Any CPU.ActiveCfg = Debug|Any CPU
		{DE6F460E-B1B8-4F28-B029-5CA52C3331C3}.Debug|Any CPU.Build.0 = Debug|Any CPU
		{DE6F460E-B1B8-4F28-B029-5CA52C3331C3}.Release|Any CPU.ActiveCfg = Release|Any CPU
		{DE6F460E-B1B8-4F28-B029-5CA52C3331C3}.Release|Any CPU.Build.0 = Release|Any CPU
	EndGlobalSection
	GlobalSection(SolutionProperties) = preSolution
		HideSolutionNode = FALSE
	EndGlobalSection
	GlobalSection(ExtensibilityGlobals) = postSolution
		SolutionGuid = {041DEE2A-EDE8-44B6-A9A7-2194EC87CCE8}
	EndGlobalSection
EndGlobal
