
Microsoft Visual Studio Solution File, Format Version 12.00
# Visual Studio Version 17
VisualStudioVersion = 17.14.36616.10 d17.14
MinimumVisualStudioVersion = 10.0.40219.1
Project("{FAE04EC0-301F-11D3-BF4B-00C04F79EFBC}") = "Day1Assignment2(17thNov)", "Day1Assignment2(17thNov)\Day1Assignment2(17thNov).csproj", "{B0A45562-F9C5-415C-BAA1-7AA39FB4025B}"
EndProject
Global
	GlobalSection(SolutionConfigurationPlatforms) = preSolution
		Debug|Any CPU = Debug|Any CPU
		Release|Any CPU = Release|Any CPU
	EndGlobalSection
	GlobalSection(ProjectConfigurationPlatforms) = postSolution
		{B0A45562-F9C5-415C-BAA1-7AA39FB4025B}.Debug|Any CPU.ActiveCfg = Debug|Any CPU
		{B0A45562-F9C5-415C-BAA1-7AA39FB4025B}.Debug|Any CPU.Build.0 = Debug|Any CPU
		{B0A45562-F9C5-415C-BAA1-7AA39FB4025B}.Release|Any CPU.ActiveCfg = Release|Any CPU
		{B0A45562-F9C5-415C-BAA1-7AA39FB4025B}.Release|Any CPU.Build.0 = Release|Any CPU
	EndGlobalSection
	GlobalSection(SolutionProperties) = preSolution
		HideSolutionNode = FALSE
	EndGlobalSection
	GlobalSection(ExtensibilityGlobals) = postSolution
		SolutionGuid = {EF3388F0-6B21-4284-9153-824DEA2D80D5}
	EndGlobalSection
EndGlobal
