
Microsoft Visual Studio Solution File, Format Version 12.00
# Visual Studio Version 17
VisualStudioVersion = 17.14.36616.10 d17.14
MinimumVisualStudioVersion = 10.0.40219.1
Project("{FAE04EC0-301F-11D3-BF4B-00C04F79EFBC}") = "multipleinheritance", "multipleinheritance\multipleinheritance.csproj", "{BF321583-F684-49DF-8AE7-F712B3E7804A}"
EndProject
Global
	GlobalSection(SolutionConfigurationPlatforms) = preSolution
		Debug|Any CPU = Debug|Any CPU
		Release|Any CPU = Release|Any CPU
	EndGlobalSection
	GlobalSection(ProjectConfigurationPlatforms) = postSolution
		{BF321583-F684-49DF-8AE7-F712B3E7804A}.Debug|Any CPU.ActiveCfg = Debug|Any CPU
		{BF321583-F684-49DF-8AE7-F712B3E7804A}.Debug|Any CPU.Build.0 = Debug|Any CPU
		{BF321583-F684-49DF-8AE7-F712B3E7804A}.Release|Any CPU.ActiveCfg = Release|Any CPU
		{BF321583-F684-49DF-8AE7-F712B3E7804A}.Release|Any CPU.Build.0 = Release|Any CPU
	EndGlobalSection
	GlobalSection(SolutionProperties) = preSolution
		HideSolutionNode = FALSE
	EndGlobalSection
	GlobalSection(ExtensibilityGlobals) = postSolution
		SolutionGuid = {70107ECD-7CE4-4BE4-A6D7-4D5E18E771C4}
	EndGlobalSection
EndGlobal
